
Microsoft Visual Studio Solution File, Format Version 12.00
# Visual Studio Version 17
VisualStudioVersion = 17.3.32825.248
MinimumVisualStudioVersion = 10.0.40219.1
Project("{FAE04EC0-301F-11D3-BF4B-00C04F79EFBC}") = "Week-01", "Week-01\Week-01.csproj", "{7AE9E30D-B48D-4197-8847-E06431C13D36}"
EndProject
Global
	GlobalSection(SolutionConfigurationPlatforms) = preSolution
		Debug|Any CPU = Debug|Any CPU
		Release|Any CPU = Release|Any CPU
	EndGlobalSection
	GlobalSection(ProjectConfigurationPlatforms) = postSolution
		{7AE9E30D-B48D-4197-8847-E06431C13D36}.Debug|Any CPU.ActiveCfg = Debug|Any CPU
		{7AE9E30D-B48D-4197-8847-E06431C13D36}.Debug|Any CPU.Build.0 = Debug|Any CPU
		{7AE9E30D-B48D-4197-8847-E06431C13D36}.Release|Any CPU.ActiveCfg = Release|Any CPU
		{7AE9E30D-B48D-4197-8847-E06431C13D36}.Release|Any CPU.Build.0 = Release|Any CPU
	EndGlobalSection
	GlobalSection(SolutionProperties) = preSolution
		HideSolutionNode = FALSE
	EndGlobalSection
	GlobalSection(ExtensibilityGlobals) = postSolution
		SolutionGuid = {6408C709-973A-4CDE-BEA8-AAE1E885AB8B}
	EndGlobalSection
EndGlobal
